
Microsoft Visual Studio Solution File, Format Version 12.00
# Visual Studio 15
VisualStudioVersion = 15.0.27703.2042
MinimumVisualStudioVersion = 10.0.40219.1
Project("{FAE04EC0-301F-11D3-BF4B-00C04F79EFBC}") = "JaiMaker", "JaiMaker.csproj", "{3E2B23FA-0524-4FD4-A7E2-6C7244E9E0E3}"
EndProject
Global
	GlobalSection(SolutionConfigurationPlatforms) = preSolution
		Debug|Any CPU = Debug|Any CPU
		Release|Any CPU = Release|Any CPU
	EndGlobalSection
	GlobalSection(ProjectConfigurationPlatforms) = postSolution
		{3E2B23FA-0524-4FD4-A7E2-6C7244E9E0E3}.Debug|Any CPU.ActiveCfg = Debug|Any CPU
		{3E2B23FA-0524-4FD4-A7E2-6C7244E9E0E3}.Debug|Any CPU.Build.0 = Debug|Any CPU
		{3E2B23FA-0524-4FD4-A7E2-6C7244E9E0E3}.Release|Any CPU.ActiveCfg = Release|Any CPU
		{3E2B23FA-0524-4FD4-A7E2-6C7244E9E0E3}.Release|Any CPU.Build.0 = Release|Any CPU
	EndGlobalSection
	GlobalSection(SolutionProperties) = preSolution
		HideSolutionNode = FALSE
	EndGlobalSection
	GlobalSection(ExtensibilityGlobals) = postSolution
		SolutionGuid = {DADF6621-5EE0-44D7-BBBC-235D3F84134B}
	EndGlobalSection
EndGlobal
